// !$*UTF8*$!
{
	archiveVersion = 1;
	classes = {
	};
	objectVersion = 77;
	objects = {

/* Begin PBXContainerItemProxy section */
		C6271CD72E72B4DB007C8E48 /* PBXContainerItemProxy */ = {
			isa = PBXContainerItemProxy;
			containerPortal = C6271CC12E72B4D9007C8E48 /* Project object */;
			proxyType = 1;
			remoteGlobalIDString = C6271CC82E72B4D9007C8E48;
			remoteInfo = OneInOne;
		};
		C6271CE12E72B4DB007C8E48 /* PBXContainerItemProxy */ = {
			isa = PBXContainerItemProxy;
			containerPortal = C6271CC12E72B4D9007C8E48 /* Project object */;
			proxyType = 1;
			remoteGlobalIDString = C6271CC82E72B4D9007C8E48;
			remoteInfo = OneInOne;
		};
/* End PBXContainerItemProxy section */

/* Begin PBXFileReference section */
		C6271CC92E72B4D9007C8E48 /* OneInOne.app */ = {isa = PBXFileReference; explicitFileType = wrapper.application; includeInIndex = 0; path = OneInOne.app; sourceTree = BUILT_PRODUCTS_DIR; };
		C6271CD62E72B4DB007C8E48 /* OneInOneTests.xctest */ = {isa = PBXFileReference; explicitFileType = wrapper.cfbundle; includeInIndex = 0; path = OneInOneTests.xctest; sourceTree = BUILT_PRODUCTS_DIR; };
		C6271CE02E72B4DB007C8E48 /* OneInOneUITests.xctest */ = {isa = PBXFileReference; explicitFileType = wrapper.cfbundle; includeInIndex = 0; path = OneInOneUITests.xctest; sourceTree = BUILT_PRODUCTS_DIR; };
/* End PBXFileReference section */

/* Begin PBXFileSystemSynchronizedRootGroup section */
		C6271CCB2E72B4D9007C8E48 /* OneInOne */ = {
			isa = PBXFileSystemSynchronizedRootGroup;
			path = OneInOne;
			sourceTree = "<group>";
		};
		C6271CD92E72B4DB007C8E48 /* OneInOneTests */ = {
			isa = PBXFileSystemSynchronizedRootGroup;
			path = OneInOneTests;
			sourceTree = "<group>";
		};
		C6271CE32E72B4DB007C8E48 /* OneInOneUITests */ = {
			isa = PBXFileSystemSynchronizedRootGroup;
			path = OneInOneUITests;
			sourceTree = "<group>";
		};
/* End PBXFileSystemSynchronizedRootGroup section */

/* Begin PBXFrameworksBuildPhase section */
		C6271CC62E72B4D9007C8E48 /* Frameworks */ = {
			isa = PBXFrameworksBuildPhase;
			buildActionMask = 2147483647;
			files = (
			);
			runOnlyForDeploymentPostprocessing = 0;
		};
		C6271CD32E72B4DB007C8E48 /* Frameworks */ = {
			isa = PBXFrameworksBuildPhase;
			buildActionMask = 2147483647;
			files = (
			);
			runOnlyForDeploymentPostprocessing = 0;
		};
		C6271CDD2E72B4DB007C8E48 /* Frameworks */ = {
			isa = PBXFrameworksBuildPhase;
			buildActionMask = 2147483647;
			files = (
			);
			runOnlyForDeploymentPostprocessing = 0;
		};
/* End PBXFrameworksBuildPhase section */

/* Begin PBXGroup section */
		C6271CC02E72B4D9007C8E48 = {
			isa = PBXGroup;
			children = (
				C6271CCB2E72B4D9007C8E48 /* OneInOne */,
				C6271CD92E72B4DB007C8E48 /* OneInOneTests */,
				C6271CE32E72B4DB007C8E48 /* OneInOneUITests */,
				C6271CCA2E72B4D9007C8E48 /* Products */,
			);
			sourceTree = "<group>";
		};
		C6271CCA2E72B4D9007C8E48 /* Products */ = {
			isa = PBXGroup;
			children = (
				C6271CC92E72B4D9007C8E48 /* OneInOne.app */,
				C6271CD62E72B4DB007C8E48 /* OneInOneTests.xctest */,
				C6271CE02E72B4DB007C8E48 /* OneInOneUITests.xctest */,
			);
			name = Products;
			sourceTree = "<group>";
		};
/* End PBXGroup section */

/* Begin PBXNativeTarget section */
		C6271CC82E72B4D9007C8E48 /* OneInOne */ = {
			isa = PBXNativeTarget;
			buildConfigurationList = C6271CEA2E72B4DB007C8E48 /* Build configuration list for PBXNativeTarget "OneInOne" */;
			buildPhases = (
				C6271CC52E72B4D9007C8E48 /* Sources */,
				C6271CC62E72B4D9007C8E48 /* Frameworks */,
				C6271CC72E72B4D9007C8E48 /* Resources */,
			);
			buildRules = (
			);
			dependencies = (
			);
			fileSystemSynchronizedGroups = (
				C6271CCB2E72B4D9007C8E48 /* OneInOne */,
			);
			name = OneInOne;
			packageProductDependencies = (
			);
			productName = OneInOne;
			productReference = C6271CC92E72B4D9007C8E48 /* OneInOne.app */;
			productType = "com.apple.product-type.application";
		};
		C6271CD52E72B4DB007C8E48 /* OneInOneTests */ = {
			isa = PBXNativeTarget;
			buildConfigurationList = C6271CED2E72B4DB007C8E48 /* Build configuration list for PBXNativeTarget "OneInOneTests" */;
			buildPhases = (
				C6271CD22E72B4DB007C8E48 /* Sources */,
				C6271CD32E72B4DB007C8E48 /* Frameworks */,
				C6271CD42E72B4DB007C8E48 /* Resources */,
			);
			buildRules = (
			);
			dependencies = (
				C6271CD82E72B4DB007C8E48 /* PBXTargetDependency */,
			);
			fileSystemSynchronizedGroups = (
				C6271CD92E72B4DB007C8E48 /* OneInOneTests */,
			);
			name = OneInOneTests;
			packageProductDependencies = (
			);
			productName = OneInOneTests;
			productReference = C6271CD62E72B4DB007C8E48 /* OneInOneTests.xctest */;
			productType = "com.apple.product-type.bundle.unit-test";
		};
		C6271CDF2E72B4DB007C8E48 /* OneInOneUITests */ = {
			isa = PBXNativeTarget;
			buildConfigurationList = C6271CF02E72B4DB007C8E48 /* Build configuration list for PBXNativeTarget "OneInOneUITests" */;
			buildPhases = (
				C6271CDC2E72B4DB007C8E48 /* Sources */,
				C6271CDD2E72B4DB007C8E48 /* Frameworks */,
				C6271CDE2E72B4DB007C8E48 /* Resources */,
			);
			buildRules = (
			);
			dependencies = (
				C6271CE22E72B4DB007C8E48 /* PBXTargetDependency */,
			);
			fileSystemSynchronizedGroups = (
				C6271CE32E72B4DB007C8E48 /* OneInOneUITests */,
			);
			name = OneInOneUITests;
			packageProductDependencies = (
			);
			productName = OneInOneUITests;
			productReference = C6271CE02E72B4DB007C8E48 /* OneInOneUITests.xctest */;
			productType = "com.apple.product-type.bundle.ui-testing";
		};
/* End PBXNativeTarget section */

/* Begin PBXProject section */
		C6271CC12E72B4D9007C8E48 /* Project object */ = {
			isa = PBXProject;
			attributes = {
				BuildIndependentTargetsInParallel = 1;
				LastSwiftUpdateCheck = 1640;
				LastUpgradeCheck = 1640;
				TargetAttributes = {
					C6271CC82E72B4D9007C8E48 = {
						CreatedOnToolsVersion = 16.4;
					};
					C6271CD52E72B4DB007C8E48 = {
						CreatedOnToolsVersion = 16.4;
						TestTargetID = C6271CC82E72B4D9007C8E48;
					};
					C6271CDF2E72B4DB007C8E48 = {
						CreatedOnToolsVersion = 16.4;
						TestTargetID = C6271CC82E72B4D9007C8E48;
					};
				};
			};
			buildConfigurationList = C6271CC42E72B4D9007C8E48 /* Build configuration list for PBXProject "OneInOne" */;
			developmentRegion = en;
			hasScannedForEncodings = 0;
			knownRegions = (
				en,
				Base,
			);
			mainGroup = C6271CC02E72B4D9007C8E48;
			minimizedProjectReferenceProxies = 1;
			preferredProjectObjectVersion = 77;
			productRefGroup = C6271CCA2E72B4D9007C8E48 /* Products */;
			projectDirPath = "";
			projectRoot = "";
			targets = (
				C6271CC82E72B4D9007C8E48 /* OneInOne */,
				C6271CD52E72B4DB007C8E48 /* OneInOneTests */,
				C6271CDF2E72B4DB007C8E48 /* OneInOneUITests */,
			);
		};
/* End PBXProject section */

/* Begin PBXResourcesBuildPhase section */
		C6271CC72E72B4D9007C8E48 /* Resources */ = {
			isa = PBXResourcesBuildPhase;
			buildActionMask = 2147483647;
			files = (
			);
			runOnlyForDeploymentPostprocessing = 0;
		};
		C6271CD42E72B4DB007C8E48 /* Resources */ = {
			isa = PBXResourcesBuildPhase;
			buildActionMask = 2147483647;
			files = (
			);
			runOnlyForDeploymentPostprocessing = 0;
		};
		C6271CDE2E72B4DB007C8E48 /* Resources */ = {
			isa = PBXResourcesBuildPhase;
			buildActionMask = 2147483647;
			files = (
			);
			runOnlyForDeploymentPostprocessing = 0;
		};
/* End PBXResourcesBuildPhase section */

/* Begin PBXSourcesBuildPhase section */
		C6271CC52E72B4D9007C8E48 /* Sources */ = {
			isa = PBXSourcesBuildPhase;
			buildActionMask = 2147483647;
			files = (
			);
			runOnlyForDeploymentPostprocessing = 0;
		};
		C6271CD22E72B4DB007C8E48 /* Sources */ = {
			isa = PBXSourcesBuildPhase;
			buildActionMask = 2147483647;
			files = (
			);
			runOnlyForDeploymentPostprocessing = 0;
		};
		C6271CDC2E72B4DB007C8E48 /* Sources */ = {
			isa = PBXSourcesBuildPhase;
			buildActionMask = 2147483647;
			files = (
			);
			runOnlyForDeploymentPostprocessing = 0;
		};
/* End PBXSourcesBuildPhase section */

/* Begin PBXTargetDependency section */
		C6271CD82E72B4DB007C8E48 /* PBXTargetDependency */ = {
			isa = PBXTargetDependency;
			target = C6271CC82E72B4D9007C8E48 /* OneInOne */;
			targetProxy = C6271CD72E72B4DB007C8E48 /* PBXContainerItemProxy */;
		};
		C6271CE22E72B4DB007C8E48 /* PBXTargetDependency */ = {
			isa = PBXTargetDependency;
			target = C6271CC82E72B4D9007C8E48 /* OneInOne */;
			targetProxy = C6271CE12E72B4DB007C8E48 /* PBXContainerItemProxy */;
		};
/* End PBXTargetDependency section */

/* Begin XCBuildConfiguration section */
		C6271CE82E72B4DB007C8E48 /* Debug */ = {
			isa = XCBuildConfiguration;
			buildSettings = {
				ALWAYS_SEARCH_USER_PATHS = NO;
				ASSETCATALOG_COMPILER_GENERATE_SWIFT_ASSET_SYMBOL_EXTENSIONS = YES;
				CLANG_ANALYZER_NONNULL = YES;
				CLANG_ANALYZER_NUMBER_OBJECT_CONVERSION = YES_AGGRESSIVE;
				CLANG_CXX_LANGUAGE_STANDARD = "gnu++20";
				CLANG_ENABLE_MODULES = YES;
				CLANG_ENABLE_OBJC_ARC = YES;
				CLANG_ENABLE_OBJC_WEAK = YES;
				CLANG_WARN_BLOCK_CAPTURE_AUTORELEASING = YES;
				CLANG_WARN_BOOL_CONVERSION = YES;
				CLANG_WARN_COMMA = YES;
				CLANG_WARN_CONSTANT_CONVERSION = YES;
				CLANG_WARN_DEPRECATED_OBJC_IMPLEMENTATIONS = YES;
				CLANG_WARN_DIRECT_OBJC_ISA_USAGE = YES_ERROR;
				CLANG_WARN_DOCUMENTATION_COMMENTS = YES;
				CLANG_WARN_EMPTY_BODY = YES;
				CLANG_WARN_ENUM_CONVERSION = YES;
				CLANG_WARN_INFINITE_RECURSION = YES;
				CLANG_WARN_INT_CONVERSION = YES;
				CLANG_WARN_NON_LITERAL_NULL_CONVERSION = YES;
				CLANG_WARN_OBJC_IMPLICIT_RETAIN_SELF = YES;
				CLANG_WARN_OBJC_LITERAL_CONVERSION = YES;
				CLANG_WARN_OBJC_ROOT_CLASS = YES_ERROR;
				CLANG_WARN_QUOTED_INCLUDE_IN_FRAMEWORK_HEADER = YES;
				CLANG_WARN_RANGE_LOOP_ANALYSIS = YES;
				CLANG_WARN_STRICT_PROTOTYPES = YES;
				CLANG_WARN_SUSPICIOUS_MOVE = YES;
				CLANG_WARN_UNGUARDED_AVAILABILITY = YES_AGGRESSIVE;
				CLANG_WARN_UNREACHABLE_CODE = YES;
				CLANG_WARN__DUPLICATE_METHOD_MATCH = YES;
				COPY_PHASE_STRIP = NO;
				DEBUG_INFORMATION_FORMAT = dwarf;
				DEVELOPMENT_TEAM = F5MTVA5YY6;
				ENABLE_STRICT_OBJC_MSGSEND = YES;
				ENABLE_TESTABILITY = YES;
				ENABLE_USER_SCRIPT_SANDBOXING = YES;
				GCC_C_LANGUAGE_STANDARD = gnu17;
				GCC_DYNAMIC_NO_PIC = NO;
				GCC_NO_COMMON_BLOCKS = YES;
				GCC_OPTIMIZATION_LEVEL = 0;
				GCC_PREPROCESSOR_DEFINITIONS = (
					"DEBUG=1",
					"$(inherited)",
				);
				GCC_WARN_64_TO_32_BIT_CONVERSION = YES;
				GCC_WARN_ABOUT_RETURN_TYPE = YES_ERROR;
				GCC_WARN_UNDECLARED_SELECTOR = YES;
				GCC_WARN_UNINITIALIZED_AUTOS = YES_AGGRESSIVE;
				GCC_WARN_UNUSED_FUNCTION = YES;
				GCC_WARN_UNUSED_VARIABLE = YES;
				IPHONEOS_DEPLOYMENT_TARGET = 18.5;
				LOCALIZATION_PREFERS_STRING_CATALOGS = YES;
				MTL_ENABLE_DEBUG_INFO = INCLUDE_SOURCE;
				MTL_FAST_MATH = YES;
				ONLY_ACTIVE_ARCH = YES;
				SDKROOT = iphoneos;
				SWIFT_ACTIVE_COMPILATION_CONDITIONS = "DEBUG $(inherited)";
				SWIFT_OPTIMIZATION_LEVEL = "-Onone";
			};
			name = Debug;
		};
		C6271CE92E72B4DB007C8E48 /* Release */ = {
			isa = XCBuildConfiguration;
			buildSettings = {
				ALWAYS_SEARCH_USER_PATHS = NO;
				ASSETCATALOG_COMPILER_GENERATE_SWIFT_ASSET_SYMBOL_EXTENSIONS = YES;
				CLANG_ANALYZER_NONNULL = YES;
				CLANG_ANALYZER_NUMBER_OBJECT_CONVERSION = YES_AGGRESSIVE;
				CLANG_CXX_LANGUAGE_STANDARD = "gnu++20";
				CLANG_ENABLE_MODULES = YES;
				CLANG_ENABLE_OBJC_ARC = YES;
				CLANG_ENABLE_OBJC_WEAK = YES;
				CLANG_WARN_BLOCK_CAPTURE_AUTORELEASING = YES;
				CLANG_WARN_BOOL_CONVERSION = YES;
				CLANG_WARN_COMMA = YES;
				CLANG_WARN_CONSTANT_CONVERSION = YES;
				CLANG_WARN_DEPRECATED_OBJC_IMPLEMENTATIONS = YES;
				CLANG_WARN_DIRECT_OBJC_ISA_USAGE = YES_ERROR;
				CLANG_WARN_DOCUMENTATION_COMMENTS = YES;
				CLANG_WARN_EMPTY_BODY = YES;
				CLANG_WARN_ENUM_CONVERSION = YES;
				CLANG_WARN_INFINITE_RECURSION = YES;
				CLANG_WARN_INT_CONVERSION = YES;
				CLANG_WARN_NON_LITERAL_NULL_CONVERSION = YES;
				CLANG_WARN_OBJC_IMPLICIT_RETAIN_SELF = YES;
				CLANG_WARN_OBJC_LITERAL_CONVERSION = YES;
				CLANG_WARN_OBJC_ROOT_CLASS = YES_ERROR;
				CLANG_WARN_QUOTED_INCLUDE_IN_FRAMEWORK_HEADER = YES;
				CLANG_WARN_RANGE_LOOP_ANALYSIS = YES;
				CLANG_WARN_STRICT_PROTOTYPES = YES;
				CLANG_WARN_SUSPICIOUS_MOVE = YES;
				CLANG_WARN_UNGUARDED_AVAILABILITY = YES_AGGRESSIVE;
				CLANG_WARN_UNREACHABLE_CODE = YES;
				CLANG_WARN__DUPLICATE_METHOD_MATCH = YES;
				COPY_PHASE_STRIP = NO;
				DEBUG_INFORMATION_FORMAT = "dwarf-with-dsym";
				DEVELOPMENT_TEAM = F5MTVA5YY6;
				ENABLE_NS_ASSERTIONS = NO;
				ENABLE_STRICT_OBJC_MSGSEND = YES;
				ENABLE_USER_SCRIPT_SANDBOXING = YES;
				GCC_C_LANGUAGE_STANDARD = gnu17;
				GCC_NO_COMMON_BLOCKS = YES;
				GCC_WARN_64_TO_32_BIT_CONVERSION = YES;
				GCC_WARN_ABOUT_RETURN_TYPE = YES_ERROR;
				GCC_WARN_UNDECLARED_SELECTOR = YES;
				GCC_WARN_UNINITIALIZED_AUTOS = YES_AGGRESSIVE;
				GCC_WARN_UNUSED_FUNCTION = YES;
				GCC_WARN_UNUSED_VARIABLE = YES;
				IPHONEOS_DEPLOYMENT_TARGET = 18.5;
				LOCALIZATION_PREFERS_STRING_CATALOGS = YES;
				MTL_ENABLE_DEBUG_INFO = NO;
				MTL_FAST_MATH = YES;
				SDKROOT = iphoneos;
				SWIFT_COMPILATION_MODE = wholemodule;
				VALIDATE_PRODUCT = YES;
			};
			name = Release;
		};
		C6271CEB2E72B4DB007C8E48 /* Debug */ = {
			isa = XCBuildConfiguration;
			buildSettings = {
				ASSETCATALOG_COMPILER_APPICON_NAME = AppIcon;
				ASSETCATALOG_COMPILER_GLOBAL_ACCENT_COLOR_NAME = AccentColor;
				CODE_SIGN_STYLE = Automatic;
				CURRENT_PROJECT_VERSION = 1;
				DEVELOPMENT_TEAM = F5MTVA5YY6;
				ENABLE_PREVIEWS = YES;
				GENERATE_INFOPLIST_FILE = YES;
				INFOPLIST_KEY_UIApplicationSceneManifest_Generation = YES;
				INFOPLIST_KEY_UIApplicationSupportsIndirectInputEvents = YES;
				INFOPLIST_KEY_UILaunchScreen_Generation = YES;
				INFOPLIST_KEY_UISupportedInterfaceOrientations_iPad = "UIInterfaceOrientationPortrait UIInterfaceOrientationPortraitUpsideDown UIInterfaceOrientationLandscapeLeft UIInterfaceOrientationLandscapeRight";
				INFOPLIST_KEY_UISupportedInterfaceOrientations_iPhone = "UIInterfaceOrientationPortrait UIInterfaceOrientationLandscapeLeft UIInterfaceOrientationLandscapeRight";
				LD_RUNPATH_SEARCH_PATHS = (
					"$(inherited)",
					"@executable_path/Frameworks",
				);
				MARKETING_VERSION = 1.0;
				PRODUCT_BUNDLE_IDENTIFIER = jimbook.OneInOne;
				PRODUCT_NAME = "$(TARGET_NAME)";
				SWIFT_EMIT_LOC_STRINGS = YES;
				SWIFT_VERSION = 5.0;
				TARGETED_DEVICE_FAMILY = "1,2";
			};
			name = Debug;
		};
		C6271CEC2E72B4DB007C8E48 /* Release */ = {
			isa = XCBuildConfiguration;
			buildSettings = {
				ASSETCATALOG_COMPILER_APPICON_NAME = AppIcon;
				ASSETCATALOG_COMPILER_GLOBAL_ACCENT_COLOR_NAME = AccentColor;
				CODE_SIGN_STYLE = Automatic;
				CURRENT_PROJECT_VERSION = 1;
				DEVELOPMENT_TEAM = F5MTVA5YY6;
				ENABLE_PREVIEWS = YES;
				GENERATE_INFOPLIST_FILE = YES;
				INFOPLIST_KEY_UIApplicationSceneManifest_Generation = YES;
				INFOPLIST_KEY_UIApplicationSupportsIndirectInputEvents = YES;
				INFOPLIST_KEY_UILaunchScreen_Generation = YES;
				INFOPLIST_KEY_UISupportedInterfaceOrientations_iPad = "UIInterfaceOrientationPortrait UIInterfaceOrientationPortraitUpsideDown UIInterfaceOrientationLandscapeLeft UIInterfaceOrientationLandscapeRight";
				INFOPLIST_KEY_UISupportedInterfaceOrientations_iPhone = "UIInterfaceOrientationPortrait UIInterfaceOrientationLandscapeLeft UIInterfaceOrientationLandscapeRight";
				LD_RUNPATH_SEARCH_PATHS = (
					"$(inherited)",
					"@executable_path/Frameworks",
				);
				MARKETING_VERSION = 1.0;
				PRODUCT_BUNDLE_IDENTIFIER = jimbook.OneInOne;
				PRODUCT_NAME = "$(TARGET_NAME)";
				SWIFT_EMIT_LOC_STRINGS = YES;
				SWIFT_VERSION = 5.0;
				TARGETED_DEVICE_FAMILY = "1,2";
			};
			name = Release;
		};
		C6271CEE2E72B4DB007C8E48 /* Debug */ = {
			isa = XCBuildConfiguration;
			buildSettings = {
				BUNDLE_LOADER = "$(TEST_HOST)";
				CODE_SIGN_STYLE = Automatic;
				CURRENT_PROJECT_VERSION = 1;
				DEVELOPMENT_TEAM = F5MTVA5YY6;
				GENERATE_INFOPLIST_FILE = YES;
				IPHONEOS_DEPLOYMENT_TARGET = 18.5;
				MARKETING_VERSION = 1.0;
				PRODUCT_BUNDLE_IDENTIFIER = jimbook.OneInOneTests;
				PRODUCT_NAME = "$(TARGET_NAME)";
				SWIFT_EMIT_LOC_STRINGS = NO;
				SWIFT_VERSION = 5.0;
				TARGETED_DEVICE_FAMILY = "1,2";
				TEST_HOST = "$(BUILT_PRODUCTS_DIR)/OneInOne.app/$(BUNDLE_EXECUTABLE_FOLDER_PATH)/OneInOne";
			};
			name = Debug;
		};
		C6271CEF2E72B4DB007C8E48 /* Release */ = {
			isa = XCBuildConfiguration;
			buildSettings = {
				BUNDLE_LOADER = "$(TEST_HOST)";
				CODE_SIGN_STYLE = Automatic;
				CURRENT_PROJECT_VERSION = 1;
				DEVELOPMENT_TEAM = F5MTVA5YY6;
				GENERATE_INFOPLIST_FILE = YES;
				IPHONEOS_DEPLOYMENT_TARGET = 18.5;
				MARKETING_VERSION = 1.0;
				PRODUCT_BUNDLE_IDENTIFIER = jimbook.OneInOneTests;
				PRODUCT_NAME = "$(TARGET_NAME)";
				SWIFT_EMIT_LOC_STRINGS = NO;
				SWIFT_VERSION = 5.0;
				TARGETED_DEVICE_FAMILY = "1,2";
				TEST_HOST = "$(BUILT_PRODUCTS_DIR)/OneInOne.app/$(BUNDLE_EXECUTABLE_FOLDER_PATH)/OneInOne";
			};
			name = Release;
		};
		C6271CF12E72B4DB007C8E48 /* Debug */ = {
			isa = XCBuildConfiguration;
			buildSettings = {
				CODE_SIGN_STYLE = Automatic;
				CURRENT_PROJECT_VERSION = 1;
				DEVELOPMENT_TEAM = F5MTVA5YY6;
				GENERATE_INFOPLIST_FILE = YES;
				MARKETING_VERSION = 1.0;
				PRODUCT_BUNDLE_IDENTIFIER = jimbook.OneInOneUITests;
				PRODUCT_NAME = "$(TARGET_NAME)";
				SWIFT_EMIT_LOC_STRINGS = NO;
				SWIFT_VERSION = 5.0;
				TARGETED_DEVICE_FAMILY = "1,2";
				TEST_TARGET_NAME = OneInOne;
			};
			name = Debug;
		};
		C6271CF22E72B4DB007C8E48 /* Release */ = {
			isa = XCBuildConfiguration;
			buildSettings = {
				CODE_SIGN_STYLE = Automatic;
				CURRENT_PROJECT_VERSION = 1;
				DEVELOPMENT_TEAM = F5MTVA5YY6;
				GENERATE_INFOPLIST_FILE = YES;
				MARKETING_VERSION = 1.0;
				PRODUCT_BUNDLE_IDENTIFIER = jimbook.OneInOneUITests;
				PRODUCT_NAME = "$(TARGET_NAME)";
				SWIFT_EMIT_LOC_STRINGS = NO;
				SWIFT_VERSION = 5.0;
				TARGETED_DEVICE_FAMILY = "1,2";
				TEST_TARGET_NAME = OneInOne;
			};
			name = Release;
		};
/* End XCBuildConfiguration section */

/* Begin XCConfigurationList section */
		C6271CC42E72B4D9007C8E48 /* Build configuration list for PBXProject "OneInOne" */ = {
			isa = XCConfigurationList;
			buildConfigurations = (
				C6271CE82E72B4DB007C8E48 /* Debug */,
				C6271CE92E72B4DB007C8E48 /* Release */,
			);
			defaultConfigurationIsVisible = 0;
			defaultConfigurationName = Release;
		};
		C6271CEA2E72B4DB007C8E48 /* Build configuration list for PBXNativeTarget "OneInOne" */ = {
			isa = XCConfigurationList;
			buildConfigurations = (
				C6271CEB2E72B4DB007C8E48 /* Debug */,
				C6271CEC2E72B4DB007C8E48 /* Release */,
			);
			defaultConfigurationIsVisible = 0;
			defaultConfigurationName = Release;
		};
		C6271CED2E72B4DB007C8E48 /* Build configuration list for PBXNativeTarget "OneInOneTests" */ = {
			isa = XCConfigurationList;
			buildConfigurations = (
				C6271CEE2E72B4DB007C8E48 /* Debug */,
				C6271CEF2E72B4DB007C8E48 /* Release */,
			);
			defaultConfigurationIsVisible = 0;
			defaultConfigurationName = Release;
		};
		C6271CF02E72B4DB007C8E48 /* Build configuration list for PBXNativeTarget "OneInOneUITests" */ = {
			isa = XCConfigurationList;
			buildConfigurations = (
				C6271CF12E72B4DB007C8E48 /* Debug */,
				C6271CF22E72B4DB007C8E48 /* Release */,
			);
			defaultConfigurationIsVisible = 0;
			defaultConfigurationName = Release;
		};
/* End XCConfigurationList section */
	};
	rootObject = C6271CC12E72B4D9007C8E48 /* Project object */;
}
